
Microsoft Visual Studio Solution File, Format Version 11.00
# Visual Studio 2010
Project("{8BC9CEB8-8B4A-11D0-8D11-00A0C91BC942}") = "GP_CW", "GP_CW\GP_CW.vcxproj", "{7A768698-9B7C-4CF5-ABB5-7D2EC4465C9E}"
EndProject
Global
	GlobalSection(SolutionConfigurationPlatforms) = preSolution
		Debug|Win32 = Debug|Win32
		Release|Win32 = Release|Win32
	EndGlobalSection
	GlobalSection(ProjectConfigurationPlatforms) = postSolution
		{7A768698-9B7C-4CF5-ABB5-7D2EC4465C9E}.Debug|Win32.ActiveCfg = Debug|Win32
		{7A768698-9B7C-4CF5-ABB5-7D2EC4465C9E}.Debug|Win32.Build.0 = Debug|Win32
		{7A768698-9B7C-4CF5-ABB5-7D2EC4465C9E}.Release|Win32.ActiveCfg = Release|Win32
		{7A768698-9B7C-4CF5-ABB5-7D2EC4465C9E}.Release|Win32.Build.0 = Release|Win32
	EndGlobalSection
	GlobalSection(SolutionProperties) = preSolution
		HideSolutionNode = FALSE
	EndGlobalSection
EndGlobal
